
Microsoft Visual Studio Solution File, Format Version 12.00
# Visual Studio Version 16
VisualStudioVersion = 16.0.30517.126
MinimumVisualStudioVersion = 10.0.40219.1
Project("{F184B08F-C81C-45F6-A57F-5ABD9991F28F}") = "PF_Eq01_tema", "PF_Eq01_tema.vbproj", "{1843AA18-4CC7-47B1-8635-56C71CCD37D6}"
EndProject
Global
	GlobalSection(SolutionConfigurationPlatforms) = preSolution
		Debug|Any CPU = Debug|Any CPU
		Release|Any CPU = Release|Any CPU
	EndGlobalSection
	GlobalSection(ProjectConfigurationPlatforms) = postSolution
		{1843AA18-4CC7-47B1-8635-56C71CCD37D6}.Debug|Any CPU.ActiveCfg = Debug|Any CPU
		{1843AA18-4CC7-47B1-8635-56C71CCD37D6}.Debug|Any CPU.Build.0 = Debug|Any CPU
		{1843AA18-4CC7-47B1-8635-56C71CCD37D6}.Release|Any CPU.ActiveCfg = Release|Any CPU
		{1843AA18-4CC7-47B1-8635-56C71CCD37D6}.Release|Any CPU.Build.0 = Release|Any CPU
	EndGlobalSection
	GlobalSection(SolutionProperties) = preSolution
		HideSolutionNode = FALSE
	EndGlobalSection
	GlobalSection(ExtensibilityGlobals) = postSolution
		SolutionGuid = {25AC8B0A-9CC1-4064-91AF-BFD2FE6B89DB}
	EndGlobalSection
EndGlobal
